
Microsoft Visual Studio Solution File, Format Version 12.00
# Visual Studio Version 16
VisualStudioVersion = 16.0.31205.134
MinimumVisualStudioVersion = 10.0.40219.1
Project("{FAE04EC0-301F-11D3-BF4B-00C04F79EFBC}") = "RecoverAccount.Android", "RecoverAccount\RecoverAccount.Android\RecoverAccount.Android.csproj", "{1E2754E8-AB7A-4DE7-96B9-2A313A2DA0DD}"
EndProject
Project("{FAE04EC0-301F-11D3-BF4B-00C04F79EFBC}") = "RecoverAccount.iOS", "RecoverAccount\RecoverAccount.iOS\RecoverAccount.iOS.csproj", "{8C45787A-3407-47E7-9C6F-CEEF34F1B572}"
EndProject
Project("{FAE04EC0-301F-11D3-BF4B-00C04F79EFBC}") = "RecoverAccount", "RecoverAccount\RecoverAccount\RecoverAccount.csproj", "{4CF450FF-8C10-44FF-81A0-6CA1D5FFBFD6}"
EndProject
Global
	GlobalSection(SolutionConfigurationPlatforms) = preSolution
		Debug|Any CPU = Debug|Any CPU
		Debug|iPhone = Debug|iPhone
		Debug|iPhoneSimulator = Debug|iPhoneSimulator
		Release|Any CPU = Release|Any CPU
		Release|iPhone = Release|iPhone
		Release|iPhoneSimulator = Release|iPhoneSimulator
	EndGlobalSection
	GlobalSection(ProjectConfigurationPlatforms) = postSolution
		{1E2754E8-AB7A-4DE7-96B9-2A313A2DA0DD}.Debug|Any CPU.ActiveCfg = Debug|Any CPU
		{1E2754E8-AB7A-4DE7-96B9-2A313A2DA0DD}.Debug|Any CPU.Build.0 = Debug|Any CPU
		{1E2754E8-AB7A-4DE7-96B9-2A313A2DA0DD}.Debug|Any CPU.Deploy.0 = Debug|Any CPU
		{1E2754E8-AB7A-4DE7-96B9-2A313A2DA0DD}.Debug|iPhone.ActiveCfg = Debug|Any CPU
		{1E2754E8-AB7A-4DE7-96B9-2A313A2DA0DD}.Debug|iPhone.Build.0 = Debug|Any CPU
		{1E2754E8-AB7A-4DE7-96B9-2A313A2DA0DD}.Debug|iPhone.Deploy.0 = Debug|Any CPU
		{1E2754E8-AB7A-4DE7-96B9-2A313A2DA0DD}.Debug|iPhoneSimulator.ActiveCfg = Debug|Any CPU
		{1E2754E8-AB7A-4DE7-96B9-2A313A2DA0DD}.Debug|iPhoneSimulator.Build.0 = Debug|Any CPU
		{1E2754E8-AB7A-4DE7-96B9-2A313A2DA0DD}.Debug|iPhoneSimulator.Deploy.0 = Debug|Any CPU
		{1E2754E8-AB7A-4DE7-96B9-2A313A2DA0DD}.Release|Any CPU.ActiveCfg = Release|Any CPU
		{1E2754E8-AB7A-4DE7-96B9-2A313A2DA0DD}.Release|Any CPU.Build.0 = Release|Any CPU
		{1E2754E8-AB7A-4DE7-96B9-2A313A2DA0DD}.Release|Any CPU.Deploy.0 = Release|Any CPU
		{1E2754E8-AB7A-4DE7-96B9-2A313A2DA0DD}.Release|iPhone.ActiveCfg = Release|Any CPU
		{1E2754E8-AB7A-4DE7-96B9-2A313A2DA0DD}.Release|iPhone.Build.0 = Release|Any CPU
		{1E2754E8-AB7A-4DE7-96B9-2A313A2DA0DD}.Release|iPhone.Deploy.0 = Release|Any CPU
		{1E2754E8-AB7A-4DE7-96B9-2A313A2DA0DD}.Release|iPhoneSimulator.ActiveCfg = Release|Any CPU
		{1E2754E8-AB7A-4DE7-96B9-2A313A2DA0DD}.Release|iPhoneSimulator.Build.0 = Release|Any CPU
		{1E2754E8-AB7A-4DE7-96B9-2A313A2DA0DD}.Release|iPhoneSimulator.Deploy.0 = Release|Any CPU
		{8C45787A-3407-47E7-9C6F-CEEF34F1B572}.Debug|Any CPU.ActiveCfg = Debug|iPhone
		{8C45787A-3407-47E7-9C6F-CEEF34F1B572}.Debug|Any CPU.Build.0 = Debug|iPhone
		{8C45787A-3407-47E7-9C6F-CEEF34F1B572}.Debug|Any CPU.Deploy.0 = Debug|iPhone
		{8C45787A-3407-47E7-9C6F-CEEF34F1B572}.Debug|iPhone.ActiveCfg = Debug|iPhone
		{8C45787A-3407-47E7-9C6F-CEEF34F1B572}.Debug|iPhone.Build.0 = Debug|iPhone
		{8C45787A-3407-47E7-9C6F-CEEF34F1B572}.Debug|iPhone.Deploy.0 = Debug|iPhone
		{8C45787A-3407-47E7-9C6F-CEEF34F1B572}.Debug|iPhoneSimulator.ActiveCfg = Debug|iPhoneSimulator
		{8C45787A-3407-47E7-9C6F-CEEF34F1B572}.Debug|iPhoneSimulator.Build.0 = Debug|iPhoneSimulator
		{8C45787A-3407-47E7-9C6F-CEEF34F1B572}.Debug|iPhoneSimulator.Deploy.0 = Debug|iPhoneSimulator
		{8C45787A-3407-47E7-9C6F-CEEF34F1B572}.Release|Any CPU.ActiveCfg = Release|iPhoneSimulator
		{8C45787A-3407-47E7-9C6F-CEEF34F1B572}.Release|Any CPU.Build.0 = Release|iPhoneSimulator
		{8C45787A-3407-47E7-9C6F-CEEF34F1B572}.Release|Any CPU.Deploy.0 = Release|iPhoneSimulator
		{8C45787A-3407-47E7-9C6F-CEEF34F1B572}.Release|iPhone.ActiveCfg = Release|iPhone
		{8C45787A-3407-47E7-9C6F-CEEF34F1B572}.Release|iPhone.Build.0 = Release|iPhone
		{8C45787A-3407-47E7-9C6F-CEEF34F1B572}.Release|iPhone.Deploy.0 = Release|iPhone
		{8C45787A-3407-47E7-9C6F-CEEF34F1B572}.Release|iPhoneSimulator.ActiveCfg = Release|iPhoneSimulator
		{8C45787A-3407-47E7-9C6F-CEEF34F1B572}.Release|iPhoneSimulator.Build.0 = Release|iPhoneSimulator
		{8C45787A-3407-47E7-9C6F-CEEF34F1B572}.Release|iPhoneSimulator.Deploy.0 = Release|iPhoneSimulator
		{4CF450FF-8C10-44FF-81A0-6CA1D5FFBFD6}.Debug|Any CPU.ActiveCfg = Debug|Any CPU
		{4CF450FF-8C10-44FF-81A0-6CA1D5FFBFD6}.Debug|Any CPU.Build.0 = Debug|Any CPU
		{4CF450FF-8C10-44FF-81A0-6CA1D5FFBFD6}.Debug|Any CPU.Deploy.0 = Debug|Any CPU
		{4CF450FF-8C10-44FF-81A0-6CA1D5FFBFD6}.Debug|iPhone.ActiveCfg = Debug|Any CPU
		{4CF450FF-8C10-44FF-81A0-6CA1D5FFBFD6}.Debug|iPhone.Build.0 = Debug|Any CPU
		{4CF450FF-8C10-44FF-81A0-6CA1D5FFBFD6}.Debug|iPhone.Deploy.0 = Debug|Any CPU
		{4CF450FF-8C10-44FF-81A0-6CA1D5FFBFD6}.Debug|iPhoneSimulator.ActiveCfg = Debug|Any CPU
		{4CF450FF-8C10-44FF-81A0-6CA1D5FFBFD6}.Debug|iPhoneSimulator.Build.0 = Debug|Any CPU
		{4CF450FF-8C10-44FF-81A0-6CA1D5FFBFD6}.Debug|iPhoneSimulator.Deploy.0 = Debug|Any CPU
		{4CF450FF-8C10-44FF-81A0-6CA1D5FFBFD6}.Release|Any CPU.ActiveCfg = Release|Any CPU
		{4CF450FF-8C10-44FF-81A0-6CA1D5FFBFD6}.Release|Any CPU.Build.0 = Release|Any CPU
		{4CF450FF-8C10-44FF-81A0-6CA1D5FFBFD6}.Release|Any CPU.Deploy.0 = Release|Any CPU
		{4CF450FF-8C10-44FF-81A0-6CA1D5FFBFD6}.Release|iPhone.ActiveCfg = Release|Any CPU
		{4CF450FF-8C10-44FF-81A0-6CA1D5FFBFD6}.Release|iPhone.Build.0 = Release|Any CPU
		{4CF450FF-8C10-44FF-81A0-6CA1D5FFBFD6}.Release|iPhone.Deploy.0 = Release|Any CPU
		{4CF450FF-8C10-44FF-81A0-6CA1D5FFBFD6}.Release|iPhoneSimulator.ActiveCfg = Release|Any CPU
		{4CF450FF-8C10-44FF-81A0-6CA1D5FFBFD6}.Release|iPhoneSimulator.Build.0 = Release|Any CPU
		{4CF450FF-8C10-44FF-81A0-6CA1D5FFBFD6}.Release|iPhoneSimulator.Deploy.0 = Release|Any CPU
	EndGlobalSection
	GlobalSection(SolutionProperties) = preSolution
		HideSolutionNode = FALSE
	EndGlobalSection
	GlobalSection(ExtensibilityGlobals) = postSolution
		SolutionGuid = {A4DA340A-29A0-4B5E-888B-6596DEA58101}
	EndGlobalSection
EndGlobal
